
apiVersion: backstage.io/v1alpha1
kind: API
metadata:
  name: block
  annotations:
    system: cryptocurrency-apis
spec:
  type: openapi
  lifecycle: production
  owner: unknown
  definition: |
    openapi: 3.0.0
    info:
      title: Block
      version: 1.0.0
      description: Bitcoin Payment, Wallet & Transaction Data
    externalDocs:
      url: https://block.io/docs/basic
